
Microsoft Visual Studio Solution File, Format Version 12.00
# Visual Studio Version 17
VisualStudioVersion = 17.14.36908.2 d17.14
MinimumVisualStudioVersion = 10.0.40219.1
Project("{FAE04EC0-301F-11D3-BF4B-00C04F79EFBC}") = "Telegram-NotBanedInRussiaExam", "Telegram-NotBanedInRussiaExam\Telegram-NotBanedInRussiaExam.csproj", "{5342B380-D879-4517-BAD1-45527FAC1C1A}"
EndProject
Project("{FAE04EC0-301F-11D3-BF4B-00C04F79EFBC}") = "Telegram_NotBanedInRussiaExamClient", "Telegram_NotBanedInRussiaExamClient\Telegram_NotBanedInRussiaExamClient.csproj", "{01FA2C3C-56A7-4493-BB68-0B8D75251AE6}"
EndProject
Global
	GlobalSection(SolutionConfigurationPlatforms) = preSolution
		Debug|Any CPU = Debug|Any CPU
		Release|Any CPU = Release|Any CPU
	EndGlobalSection
	GlobalSection(ProjectConfigurationPlatforms) = postSolution
		{5342B380-D879-4517-BAD1-45527FAC1C1A}.Debug|Any CPU.ActiveCfg = Debug|Any CPU
		{5342B380-D879-4517-BAD1-45527FAC1C1A}.Debug|Any CPU.Build.0 = Debug|Any CPU
		{5342B380-D879-4517-BAD1-45527FAC1C1A}.Release|Any CPU.ActiveCfg = Release|Any CPU
		{5342B380-D879-4517-BAD1-45527FAC1C1A}.Release|Any CPU.Build.0 = Release|Any CPU
		{01FA2C3C-56A7-4493-BB68-0B8D75251AE6}.Debug|Any CPU.ActiveCfg = Debug|Any CPU
		{01FA2C3C-56A7-4493-BB68-0B8D75251AE6}.Debug|Any CPU.Build.0 = Debug|Any CPU
		{01FA2C3C-56A7-4493-BB68-0B8D75251AE6}.Release|Any CPU.ActiveCfg = Release|Any CPU
		{01FA2C3C-56A7-4493-BB68-0B8D75251AE6}.Release|Any CPU.Build.0 = Release|Any CPU
	EndGlobalSection
	GlobalSection(SolutionProperties) = preSolution
		HideSolutionNode = FALSE
	EndGlobalSection
	GlobalSection(ExtensibilityGlobals) = postSolution
		SolutionGuid = {DD7F2783-A2A8-47FB-9BDC-DC8C4501BD28}
	EndGlobalSection
EndGlobal
